
Microsoft Visual Studio Solution File, Format Version 12.00
# Visual Studio Version 17
VisualStudioVersion = 17.8.34330.188
MinimumVisualStudioVersion = 10.0.40219.1
Project("{FAE04EC0-301F-11D3-BF4B-00C04F79EFBC}") = "WindowsFormsApp1", "WindowsFormsApp1\WindowsFormsApp1.csproj", "{2215AB8F-9FAA-4F45-B558-88E11550237D}"
EndProject
Global
	GlobalSection(SolutionConfigurationPlatforms) = preSolution
		Debug|Any CPU = Debug|Any CPU
		Release|Any CPU = Release|Any CPU
	EndGlobalSection
	GlobalSection(ProjectConfigurationPlatforms) = postSolution
		{2215AB8F-9FAA-4F45-B558-88E11550237D}.Debug|Any CPU.ActiveCfg = Debug|Any CPU
		{2215AB8F-9FAA-4F45-B558-88E11550237D}.Debug|Any CPU.Build.0 = Debug|Any CPU
		{2215AB8F-9FAA-4F45-B558-88E11550237D}.Release|Any CPU.ActiveCfg = Release|Any CPU
		{2215AB8F-9FAA-4F45-B558-88E11550237D}.Release|Any CPU.Build.0 = Release|Any CPU
	EndGlobalSection
	GlobalSection(SolutionProperties) = preSolution
		HideSolutionNode = FALSE
	EndGlobalSection
	GlobalSection(ExtensibilityGlobals) = postSolution
		SolutionGuid = {6E97091E-EBBA-4279-AF4D-65B85F379F96}
	EndGlobalSection
EndGlobal
